
Microsoft Visual Studio Solution File, Format Version 12.00
# Visual Studio Version 16
VisualStudioVersion = 16.0.29123.88
MinimumVisualStudioVersion = 10.0.40219.1
Project("{FAE04EC0-301F-11D3-BF4B-00C04F79EFBC}") = "1_BaseFunctionMassive", "1_BaseFunctionMassive\1_BaseFunctionMassive.csproj", "{EB31B463-2297-4267-B5B8-FB6ACE404871}"
EndProject
Global
	GlobalSection(SolutionConfigurationPlatforms) = preSolution
		Debug|Any CPU = Debug|Any CPU
		Release|Any CPU = Release|Any CPU
	EndGlobalSection
	GlobalSection(ProjectConfigurationPlatforms) = postSolution
		{EB31B463-2297-4267-B5B8-FB6ACE404871}.Debug|Any CPU.ActiveCfg = Debug|Any CPU
		{EB31B463-2297-4267-B5B8-FB6ACE404871}.Debug|Any CPU.Build.0 = Debug|Any CPU
		{EB31B463-2297-4267-B5B8-FB6ACE404871}.Release|Any CPU.ActiveCfg = Release|Any CPU
		{EB31B463-2297-4267-B5B8-FB6ACE404871}.Release|Any CPU.Build.0 = Release|Any CPU
	EndGlobalSection
	GlobalSection(SolutionProperties) = preSolution
		HideSolutionNode = FALSE
	EndGlobalSection
	GlobalSection(ExtensibilityGlobals) = postSolution
		SolutionGuid = {8ABB0B6B-0E9E-43ED-BCD9-A912AB9FC91B}
	EndGlobalSection
EndGlobal
